
Microsoft Visual Studio Solution File, Format Version 12.00
# Visual Studio Version 16
VisualStudioVersion = 16.0.29609.76
MinimumVisualStudioVersion = 10.0.40219.1
Project("{FAE04EC0-301F-11D3-BF4B-00C04F79EFBC}") = "Prospa.BusinessMatcher.Service", "Prospa.BusinessMatcher.Service\Prospa.BusinessMatcher.Service.csproj", "{679A635A-DF9B-43A6-80B7-ACB2D90625F2}"
EndProject
Project("{FAE04EC0-301F-11D3-BF4B-00C04F79EFBC}") = "Prospa.BusinessMatcher.Service.Tests", "Prospa.BusinessMatcher.Service.Tests\Prospa.BusinessMatcher.Service.Tests.csproj", "{893FD664-2AFA-4E11-9C44-99C36850C620}"
EndProject
Project("{FAE04EC0-301F-11D3-BF4B-00C04F79EFBC}") = "Prospa.BusinessMatcher.Api", "Prospa.BusinessMatcher.Api\Prospa.BusinessMatcher.Api.csproj", "{0D7997B3-5BEC-4D89-8756-520FAE9AB5E3}"
EndProject
Global
	GlobalSection(SolutionConfigurationPlatforms) = preSolution
		Debug|Any CPU = Debug|Any CPU
		Release|Any CPU = Release|Any CPU
	EndGlobalSection
	GlobalSection(ProjectConfigurationPlatforms) = postSolution
		{679A635A-DF9B-43A6-80B7-ACB2D90625F2}.Debug|Any CPU.ActiveCfg = Debug|Any CPU
		{679A635A-DF9B-43A6-80B7-ACB2D90625F2}.Debug|Any CPU.Build.0 = Debug|Any CPU
		{679A635A-DF9B-43A6-80B7-ACB2D90625F2}.Release|Any CPU.ActiveCfg = Release|Any CPU
		{679A635A-DF9B-43A6-80B7-ACB2D90625F2}.Release|Any CPU.Build.0 = Release|Any CPU
		{893FD664-2AFA-4E11-9C44-99C36850C620}.Debug|Any CPU.ActiveCfg = Debug|Any CPU
		{893FD664-2AFA-4E11-9C44-99C36850C620}.Debug|Any CPU.Build.0 = Debug|Any CPU
		{893FD664-2AFA-4E11-9C44-99C36850C620}.Release|Any CPU.ActiveCfg = Release|Any CPU
		{893FD664-2AFA-4E11-9C44-99C36850C620}.Release|Any CPU.Build.0 = Release|Any CPU
		{0D7997B3-5BEC-4D89-8756-520FAE9AB5E3}.Debug|Any CPU.ActiveCfg = Debug|Any CPU
		{0D7997B3-5BEC-4D89-8756-520FAE9AB5E3}.Debug|Any CPU.Build.0 = Debug|Any CPU
		{0D7997B3-5BEC-4D89-8756-520FAE9AB5E3}.Release|Any CPU.ActiveCfg = Release|Any CPU
		{0D7997B3-5BEC-4D89-8756-520FAE9AB5E3}.Release|Any CPU.Build.0 = Release|Any CPU
	EndGlobalSection
	GlobalSection(SolutionProperties) = preSolution
		HideSolutionNode = FALSE
	EndGlobalSection
	GlobalSection(ExtensibilityGlobals) = postSolution
		SolutionGuid = {2FFDE18A-604A-4C83-995A-840791747B76}
	EndGlobalSection
EndGlobal
